// !$*UTF8*$!
{
	archiveVersion = 1;
	classes = {
	};
	objectVersion = 56;
	objects = {

/* Begin PBXBuildFile section */
		1FD082B22AD5BB210006F8C0 /* AsyncAwaitJSONApp.swift in Sources */ = {isa = PBXBuildFile; fileRef = 1FD082B12AD5BB210006F8C0 /* AsyncAwaitJSONApp.swift */; };
		1FD082B42AD5BB210006F8C0 /* ContentView.swift in Sources */ = {isa = PBXBuildFile; fileRef = 1FD082B32AD5BB210006F8C0 /* ContentView.swift */; };
		1FD082B62AD5BB230006F8C0 /* Assets.xcassets in Resources */ = {isa = PBXBuildFile; fileRef = 1FD082B52AD5BB230006F8C0 /* Assets.xcassets */; };
		1FD082B92AD5BB230006F8C0 /* Preview Assets.xcassets in Resources */ = {isa = PBXBuildFile; fileRef = 1FD082B82AD5BB230006F8C0 /* Preview Assets.xcassets */; };
		1FD082C02AD5BBD50006F8C0 /* GithubUser.swift in Sources */ = {isa = PBXBuildFile; fileRef = 1FD082BF2AD5BBD50006F8C0 /* GithubUser.swift */; };
		1FD082C52AD5BDB00006F8C0 /* GithubError.swift in Sources */ = {isa = PBXBuildFile; fileRef = 1FD082C42AD5BDB00006F8C0 /* GithubError.swift */; };
		1FD082C72AD5C1600006F8C0 /* UserDetails.swift in Sources */ = {isa = PBXBuildFile; fileRef = 1FD082C62AD5C1600006F8C0 /* UserDetails.swift */; };
		1FD082CA2AD5C1C50006F8C0 /* UserDetailsViewModel.swift in Sources */ = {isa = PBXBuildFile; fileRef = 1FD082C92AD5C1C50006F8C0 /* UserDetailsViewModel.swift */; };
/* End PBXBuildFile section */

/* Begin PBXFileReference section */
		1FD082AE2AD5BB210006F8C0 /* AsyncAwaitJSON.app */ = {isa = PBXFileReference; explicitFileType = wrapper.application; includeInIndex = 0; path = AsyncAwaitJSON.app; sourceTree = BUILT_PRODUCTS_DIR; };
		1FD082B12AD5BB210006F8C0 /* AsyncAwaitJSONApp.swift */ = {isa = PBXFileReference; lastKnownFileType = sourcecode.swift; path = AsyncAwaitJSONApp.swift; sourceTree = "<group>"; };
		1FD082B32AD5BB210006F8C0 /* ContentView.swift */ = {isa = PBXFileReference; lastKnownFileType = sourcecode.swift; path = ContentView.swift; sourceTree = "<group>"; };
		1FD082B52AD5BB230006F8C0 /* Assets.xcassets */ = {isa = PBXFileReference; lastKnownFileType = folder.assetcatalog; path = Assets.xcassets; sourceTree = "<group>"; };
		1FD082B82AD5BB230006F8C0 /* Preview Assets.xcassets */ = {isa = PBXFileReference; lastKnownFileType = folder.assetcatalog; path = "Preview Assets.xcassets"; sourceTree = "<group>"; };
		1FD082BF2AD5BBD50006F8C0 /* GithubUser.swift */ = {isa = PBXFileReference; lastKnownFileType = sourcecode.swift; path = GithubUser.swift; sourceTree = "<group>"; };
		1FD082C42AD5BDB00006F8C0 /* GithubError.swift */ = {isa = PBXFileReference; lastKnownFileType = sourcecode.swift; path = GithubError.swift; sourceTree = "<group>"; };
		1FD082C62AD5C1600006F8C0 /* UserDetails.swift */ = {isa = PBXFileReference; lastKnownFileType = sourcecode.swift; path = UserDetails.swift; sourceTree = "<group>"; };
		1FD082C92AD5C1C50006F8C0 /* UserDetailsViewModel.swift */ = {isa = PBXFileReference; lastKnownFileType = sourcecode.swift; path = UserDetailsViewModel.swift; sourceTree = "<group>"; };
/* End PBXFileReference section */

/* Begin PBXFrameworksBuildPhase section */
		1FD082AB2AD5BB210006F8C0 /* Frameworks */ = {
			isa = PBXFrameworksBuildPhase;
			buildActionMask = 2147483647;
			files = (
			);
			runOnlyForDeploymentPostprocessing = 0;
		};
/* End PBXFrameworksBuildPhase section */

/* Begin PBXGroup section */
		1FD082A52AD5BB210006F8C0 = {
			isa = PBXGroup;
			children = (
				1FD082B02AD5BB210006F8C0 /* AsyncAwaitJSON */,
				1FD082AF2AD5BB210006F8C0 /* Products */,
			);
			sourceTree = "<group>";
		};
		1FD082AF2AD5BB210006F8C0 /* Products */ = {
			isa = PBXGroup;
			children = (
				1FD082AE2AD5BB210006F8C0 /* AsyncAwaitJSON.app */,
			);
			name = Products;
			sourceTree = "<group>";
		};
		1FD082B02AD5BB210006F8C0 /* AsyncAwaitJSON */ = {
			isa = PBXGroup;
			children = (
				1FD082C82AD5C19A0006F8C0 /* AppEntry */,
				1FD082C32AD5BD9C0006F8C0 /* Enums */,
				1FD082C22AD5BCD50006F8C0 /* Views */,
				1FD082C12AD5BCCE0006F8C0 /* Models */,
				1FD082B52AD5BB230006F8C0 /* Assets.xcassets */,
				1FD082B72AD5BB230006F8C0 /* Preview Content */,
			);
			path = AsyncAwaitJSON;
			sourceTree = "<group>";
		};
		1FD082B72AD5BB230006F8C0 /* Preview Content */ = {
			isa = PBXGroup;
			children = (
				1FD082B82AD5BB230006F8C0 /* Preview Assets.xcassets */,
			);
			path = "Preview Content";
			sourceTree = "<group>";
		};
		1FD082C12AD5BCCE0006F8C0 /* Models */ = {
			isa = PBXGroup;
			children = (
				1FD082BF2AD5BBD50006F8C0 /* GithubUser.swift */,
			);
			path = Models;
			sourceTree = "<group>";
		};
		1FD082C22AD5BCD50006F8C0 /* Views */ = {
			isa = PBXGroup;
			children = (
				1FD082B32AD5BB210006F8C0 /* ContentView.swift */,
				1FD082CB2AD5C46B0006F8C0 /* UserDetails */,
			);
			path = Views;
			sourceTree = "<group>";
		};
		1FD082C32AD5BD9C0006F8C0 /* Enums */ = {
			isa = PBXGroup;
			children = (
				1FD082C42AD5BDB00006F8C0 /* GithubError.swift */,
			);
			path = Enums;
			sourceTree = "<group>";
		};
		1FD082C82AD5C19A0006F8C0 /* AppEntry */ = {
			isa = PBXGroup;
			children = (
				1FD082B12AD5BB210006F8C0 /* AsyncAwaitJSONApp.swift */,
			);
			path = AppEntry;
			sourceTree = "<group>";
		};
		1FD082CB2AD5C46B0006F8C0 /* UserDetails */ = {
			isa = PBXGroup;
			children = (
				1FD082C62AD5C1600006F8C0 /* UserDetails.swift */,
				1FD082C92AD5C1C50006F8C0 /* UserDetailsViewModel.swift */,
			);
			path = UserDetails;
			sourceTree = "<group>";
		};
/* End PBXGroup section */

/* Begin PBXNativeTarget section */
		1FD082AD2AD5BB210006F8C0 /* AsyncAwaitJSON */ = {
			isa = PBXNativeTarget;
			buildConfigurationList = 1FD082BC2AD5BB230006F8C0 /* Build configuration list for PBXNativeTarget "AsyncAwaitJSON" */;
			buildPhases = (
				1FD082AA2AD5BB210006F8C0 /* Sources */,
				1FD082AB2AD5BB210006F8C0 /* Frameworks */,
				1FD082AC2AD5BB210006F8C0 /* Resources */,
			);
			buildRules = (
			);
			dependencies = (
			);
			name = AsyncAwaitJSON;
			productName = AsyncAwaitJSON;
			productReference = 1FD082AE2AD5BB210006F8C0 /* AsyncAwaitJSON.app */;
			productType = "com.apple.product-type.application";
		};
/* End PBXNativeTarget section */

/* Begin PBXProject section */
		1FD082A62AD5BB210006F8C0 /* Project object */ = {
			isa = PBXProject;
			attributes = {
				BuildIndependentTargetsInParallel = 1;
				LastSwiftUpdateCheck = 1500;
				LastUpgradeCheck = 1500;
				TargetAttributes = {
					1FD082AD2AD5BB210006F8C0 = {
						CreatedOnToolsVersion = 15.0;
					};
				};
			};
			buildConfigurationList = 1FD082A92AD5BB210006F8C0 /* Build configuration list for PBXProject "AsyncAwaitJSON" */;
			compatibilityVersion = "Xcode 14.0";
			developmentRegion = en;
			hasScannedForEncodings = 0;
			knownRegions = (
				en,
				Base,
			);
			mainGroup = 1FD082A52AD5BB210006F8C0;
			productRefGroup = 1FD082AF2AD5BB210006F8C0 /* Products */;
			projectDirPath = "";
			projectRoot = "";
			targets = (
				1FD082AD2AD5BB210006F8C0 /* AsyncAwaitJSON */,
			);
		};
/* End PBXProject section */

/* Begin PBXResourcesBuildPhase section */
		1FD082AC2AD5BB210006F8C0 /* Resources */ = {
			isa = PBXResourcesBuildPhase;
			buildActionMask = 2147483647;
			files = (
				1FD082B92AD5BB230006F8C0 /* Preview Assets.xcassets in Resources */,
				1FD082B62AD5BB230006F8C0 /* Assets.xcassets in Resources */,
			);
			runOnlyForDeploymentPostprocessing = 0;
		};
/* End PBXResourcesBuildPhase section */

/* Begin PBXSourcesBuildPhase section */
		1FD082AA2AD5BB210006F8C0 /* Sources */ = {
			isa = PBXSourcesBuildPhase;
			buildActionMask = 2147483647;
			files = (
				1FD082B42AD5BB210006F8C0 /* ContentView.swift in Sources */,
				1FD082C52AD5BDB00006F8C0 /* GithubError.swift in Sources */,
				1FD082CA2AD5C1C50006F8C0 /* UserDetailsViewModel.swift in Sources */,
				1FD082C02AD5BBD50006F8C0 /* GithubUser.swift in Sources */,
				1FD082B22AD5BB210006F8C0 /* AsyncAwaitJSONApp.swift in Sources */,
				1FD082C72AD5C1600006F8C0 /* UserDetails.swift in Sources */,
			);
			runOnlyForDeploymentPostprocessing = 0;
		};
/* End PBXSourcesBuildPhase section */

/* Begin XCBuildConfiguration section */
		1FD082BA2AD5BB230006F8C0 /* Debug */ = {
			isa = XCBuildConfiguration;
			buildSettings = {
				ALWAYS_SEARCH_USER_PATHS = NO;
				ASSETCATALOG_COMPILER_GENERATE_SWIFT_ASSET_SYMBOL_EXTENSIONS = YES;
				CLANG_ANALYZER_NONNULL = YES;
				CLANG_ANALYZER_NUMBER_OBJECT_CONVERSION = YES_AGGRESSIVE;
				CLANG_CXX_LANGUAGE_STANDARD = "gnu++20";
				CLANG_ENABLE_MODULES = YES;
				CLANG_ENABLE_OBJC_ARC = YES;
				CLANG_ENABLE_OBJC_WEAK = YES;
				CLANG_WARN_BLOCK_CAPTURE_AUTORELEASING = YES;
				CLANG_WARN_BOOL_CONVERSION = YES;
				CLANG_WARN_COMMA = YES;
				CLANG_WARN_CONSTANT_CONVERSION = YES;
				CLANG_WARN_DEPRECATED_OBJC_IMPLEMENTATIONS = YES;
				CLANG_WARN_DIRECT_OBJC_ISA_USAGE = YES_ERROR;
				CLANG_WARN_DOCUMENTATION_COMMENTS = YES;
				CLANG_WARN_EMPTY_BODY = YES;
				CLANG_WARN_ENUM_CONVERSION = YES;
				CLANG_WARN_INFINITE_RECURSION = YES;
				CLANG_WARN_INT_CONVERSION = YES;
				CLANG_WARN_NON_LITERAL_NULL_CONVERSION = YES;
				CLANG_WARN_OBJC_IMPLICIT_RETAIN_SELF = YES;
				CLANG_WARN_OBJC_LITERAL_CONVERSION = YES;
				CLANG_WARN_OBJC_ROOT_CLASS = YES_ERROR;
				CLANG_WARN_QUOTED_INCLUDE_IN_FRAMEWORK_HEADER = YES;
				CLANG_WARN_RANGE_LOOP_ANALYSIS = YES;
				CLANG_WARN_STRICT_PROTOTYPES = YES;
				CLANG_WARN_SUSPICIOUS_MOVE = YES;
				CLANG_WARN_UNGUARDED_AVAILABILITY = YES_AGGRESSIVE;
				CLANG_WARN_UNREACHABLE_CODE = YES;
				CLANG_WARN__DUPLICATE_METHOD_MATCH = YES;
				COPY_PHASE_STRIP = NO;
				DEBUG_INFORMATION_FORMAT = dwarf;
				ENABLE_STRICT_OBJC_MSGSEND = YES;
				ENABLE_TESTABILITY = YES;
				ENABLE_USER_SCRIPT_SANDBOXING = YES;
				GCC_C_LANGUAGE_STANDARD = gnu17;
				GCC_DYNAMIC_NO_PIC = NO;
				GCC_NO_COMMON_BLOCKS = YES;
				GCC_OPTIMIZATION_LEVEL = 0;
				GCC_PREPROCESSOR_DEFINITIONS = (
					"DEBUG=1",
					"$(inherited)",
				);
				GCC_WARN_64_TO_32_BIT_CONVERSION = YES;
				GCC_WARN_ABOUT_RETURN_TYPE = YES_ERROR;
				GCC_WARN_UNDECLARED_SELECTOR = YES;
				GCC_WARN_UNINITIALIZED_AUTOS = YES_AGGRESSIVE;
				GCC_WARN_UNUSED_FUNCTION = YES;
				GCC_WARN_UNUSED_VARIABLE = YES;
				IPHONEOS_DEPLOYMENT_TARGET = 17.0;
				LOCALIZATION_PREFERS_STRING_CATALOGS = YES;
				MTL_ENABLE_DEBUG_INFO = INCLUDE_SOURCE;
				MTL_FAST_MATH = YES;
				ONLY_ACTIVE_ARCH = YES;
				SDKROOT = iphoneos;
				SWIFT_ACTIVE_COMPILATION_CONDITIONS = "DEBUG $(inherited)";
				SWIFT_OPTIMIZATION_LEVEL = "-Onone";
			};
			name = Debug;
		};
		1FD082BB2AD5BB230006F8C0 /* Release */ = {
			isa = XCBuildConfiguration;
			buildSettings = {
				ALWAYS_SEARCH_USER_PATHS = NO;
				ASSETCATALOG_COMPILER_GENERATE_SWIFT_ASSET_SYMBOL_EXTENSIONS = YES;
				CLANG_ANALYZER_NONNULL = YES;
				CLANG_ANALYZER_NUMBER_OBJECT_CONVERSION = YES_AGGRESSIVE;
				CLANG_CXX_LANGUAGE_STANDARD = "gnu++20";
				CLANG_ENABLE_MODULES = YES;
				CLANG_ENABLE_OBJC_ARC = YES;
				CLANG_ENABLE_OBJC_WEAK = YES;
				CLANG_WARN_BLOCK_CAPTURE_AUTORELEASING = YES;
				CLANG_WARN_BOOL_CONVERSION = YES;
				CLANG_WARN_COMMA = YES;
				CLANG_WARN_CONSTANT_CONVERSION = YES;
				CLANG_WARN_DEPRECATED_OBJC_IMPLEMENTATIONS = YES;
				CLANG_WARN_DIRECT_OBJC_ISA_USAGE = YES_ERROR;
				CLANG_WARN_DOCUMENTATION_COMMENTS = YES;
				CLANG_WARN_EMPTY_BODY = YES;
				CLANG_WARN_ENUM_CONVERSION = YES;
				CLANG_WARN_INFINITE_RECURSION = YES;
				CLANG_WARN_INT_CONVERSION = YES;
				CLANG_WARN_NON_LITERAL_NULL_CONVERSION = YES;
				CLANG_WARN_OBJC_IMPLICIT_RETAIN_SELF = YES;
				CLANG_WARN_OBJC_LITERAL_CONVERSION = YES;
				CLANG_WARN_OBJC_ROOT_CLASS = YES_ERROR;
				CLANG_WARN_QUOTED_INCLUDE_IN_FRAMEWORK_HEADER = YES;
				CLANG_WARN_RANGE_LOOP_ANALYSIS = YES;
				CLANG_WARN_STRICT_PROTOTYPES = YES;
				CLANG_WARN_SUSPICIOUS_MOVE = YES;
				CLANG_WARN_UNGUARDED_AVAILABILITY = YES_AGGRESSIVE;
				CLANG_WARN_UNREACHABLE_CODE = YES;
				CLANG_WARN__DUPLICATE_METHOD_MATCH = YES;
				COPY_PHASE_STRIP = NO;
				DEBUG_INFORMATION_FORMAT = "dwarf-with-dsym";
				ENABLE_NS_ASSERTIONS = NO;
				ENABLE_STRICT_OBJC_MSGSEND = YES;
				ENABLE_USER_SCRIPT_SANDBOXING = YES;
				GCC_C_LANGUAGE_STANDARD = gnu17;
				GCC_NO_COMMON_BLOCKS = YES;
				GCC_WARN_64_TO_32_BIT_CONVERSION = YES;
				GCC_WARN_ABOUT_RETURN_TYPE = YES_ERROR;
				GCC_WARN_UNDECLARED_SELECTOR = YES;
				GCC_WARN_UNINITIALIZED_AUTOS = YES_AGGRESSIVE;
				GCC_WARN_UNUSED_FUNCTION = YES;
				GCC_WARN_UNUSED_VARIABLE = YES;
				IPHONEOS_DEPLOYMENT_TARGET = 17.0;
				LOCALIZATION_PREFERS_STRING_CATALOGS = YES;
				MTL_ENABLE_DEBUG_INFO = NO;
				MTL_FAST_MATH = YES;
				SDKROOT = iphoneos;
				SWIFT_COMPILATION_MODE = wholemodule;
				VALIDATE_PRODUCT = YES;
			};
			name = Release;
		};
		1FD082BD2AD5BB230006F8C0 /* Debug */ = {
			isa = XCBuildConfiguration;
			buildSettings = {
				ASSETCATALOG_COMPILER_APPICON_NAME = AppIcon;
				ASSETCATALOG_COMPILER_GLOBAL_ACCENT_COLOR_NAME = AccentColor;
				CODE_SIGN_STYLE = Automatic;
				CURRENT_PROJECT_VERSION = 1;
				DEVELOPMENT_ASSET_PATHS = "\"AsyncAwaitJSON/Preview Content\"";
				DEVELOPMENT_TEAM = UTG2V2H3FK;
				ENABLE_PREVIEWS = YES;
				GENERATE_INFOPLIST_FILE = YES;
				INFOPLIST_KEY_UIApplicationSceneManifest_Generation = YES;
				INFOPLIST_KEY_UIApplicationSupportsIndirectInputEvents = YES;
				INFOPLIST_KEY_UILaunchScreen_Generation = YES;
				INFOPLIST_KEY_UISupportedInterfaceOrientations_iPad = "UIInterfaceOrientationPortrait UIInterfaceOrientationPortraitUpsideDown UIInterfaceOrientationLandscapeLeft UIInterfaceOrientationLandscapeRight";
				INFOPLIST_KEY_UISupportedInterfaceOrientations_iPhone = "UIInterfaceOrientationPortrait UIInterfaceOrientationLandscapeLeft UIInterfaceOrientationLandscapeRight";
				LD_RUNPATH_SEARCH_PATHS = (
					"$(inherited)",
					"@executable_path/Frameworks",
				);
				MARKETING_VERSION = 1.0;
				PRODUCT_BUNDLE_IDENTIFIER = ro.deltaapps.AsyncAwaitJSON;
				PRODUCT_NAME = "$(TARGET_NAME)";
				SWIFT_EMIT_LOC_STRINGS = YES;
				SWIFT_VERSION = 5.0;
				TARGETED_DEVICE_FAMILY = "1,2";
			};
			name = Debug;
		};
		1FD082BE2AD5BB230006F8C0 /* Release */ = {
			isa = XCBuildConfiguration;
			buildSettings = {
				ASSETCATALOG_COMPILER_APPICON_NAME = AppIcon;
				ASSETCATALOG_COMPILER_GLOBAL_ACCENT_COLOR_NAME = AccentColor;
				CODE_SIGN_STYLE = Automatic;
				CURRENT_PROJECT_VERSION = 1;
				DEVELOPMENT_ASSET_PATHS = "\"AsyncAwaitJSON/Preview Content\"";
				DEVELOPMENT_TEAM = UTG2V2H3FK;
				ENABLE_PREVIEWS = YES;
				GENERATE_INFOPLIST_FILE = YES;
				INFOPLIST_KEY_UIApplicationSceneManifest_Generation = YES;
				INFOPLIST_KEY_UIApplicationSupportsIndirectInputEvents = YES;
				INFOPLIST_KEY_UILaunchScreen_Generation = YES;
				INFOPLIST_KEY_UISupportedInterfaceOrientations_iPad = "UIInterfaceOrientationPortrait UIInterfaceOrientationPortraitUpsideDown UIInterfaceOrientationLandscapeLeft UIInterfaceOrientationLandscapeRight";
				INFOPLIST_KEY_UISupportedInterfaceOrientations_iPhone = "UIInterfaceOrientationPortrait UIInterfaceOrientationLandscapeLeft UIInterfaceOrientationLandscapeRight";
				LD_RUNPATH_SEARCH_PATHS = (
					"$(inherited)",
					"@executable_path/Frameworks",
				);
				MARKETING_VERSION = 1.0;
				PRODUCT_BUNDLE_IDENTIFIER = ro.deltaapps.AsyncAwaitJSON;
				PRODUCT_NAME = "$(TARGET_NAME)";
				SWIFT_EMIT_LOC_STRINGS = YES;
				SWIFT_VERSION = 5.0;
				TARGETED_DEVICE_FAMILY = "1,2";
			};
			name = Release;
		};
/* End XCBuildConfiguration section */

/* Begin XCConfigurationList section */
		1FD082A92AD5BB210006F8C0 /* Build configuration list for PBXProject "AsyncAwaitJSON" */ = {
			isa = XCConfigurationList;
			buildConfigurations = (
				1FD082BA2AD5BB230006F8C0 /* Debug */,
				1FD082BB2AD5BB230006F8C0 /* Release */,
			);
			defaultConfigurationIsVisible = 0;
			defaultConfigurationName = Release;
		};
		1FD082BC2AD5BB230006F8C0 /* Build configuration list for PBXNativeTarget "AsyncAwaitJSON" */ = {
			isa = XCConfigurationList;
			buildConfigurations = (
				1FD082BD2AD5BB230006F8C0 /* Debug */,
				1FD082BE2AD5BB230006F8C0 /* Release */,
			);
			defaultConfigurationIsVisible = 0;
			defaultConfigurationName = Release;
		};
/* End XCConfigurationList section */
	};
	rootObject = 1FD082A62AD5BB210006F8C0 /* Project object */;
}
